{
  "requires": true,
  "lockfileVersion": 1,
  "dependencies": {
    "Faker": {
      "version": "0.7.2",
      "resolved": "https://registry.npmjs.org/Faker/-/Faker-0.7.2.tgz",
      "integrity": "sha1-wkdLx3ux14AYtod9MHvX/fCC+xQ="
    },
    "eslint-config-hackreactor": {
      "version": "git://github.com/reactorcore/eslint-config-hackreactor.git#9111851f7214ed3e2817542b3777765bda3df98d",
      "from": "git://github.com/reactorcore/eslint-config-hackreactor.git"
    }
  }
}
